
Microsoft Visual Studio Solution File, Format Version 12.00
# Visual Studio Version 17
VisualStudioVersion = 17.0.31903.59
MinimumVisualStudioVersion = 10.0.40219.1
Project("{9A19103F-16F7-4668-BE54-9A1E7A4F7556}") = "P3L5YQ_HFT_2021221.Models", "P3L5YQ_HFT_2021221.Models\P3L5YQ_HFT_2021221.Models.csproj", "{1652370C-311B-4FC4-990F-1E4E97C38741}"
EndProject
Project("{9A19103F-16F7-4668-BE54-9A1E7A4F7556}") = "P3L5YQ_HFT_2021221.Data", "P3L5YQ_HFT_2021221.Data\P3L5YQ_HFT_2021221.Data.csproj", "{E0E13328-D9B6-4565-B6F4-28E4DF477261}"
EndProject
Project("{9A19103F-16F7-4668-BE54-9A1E7A4F7556}") = "P3L5YQ_HFT_2021221.Logic", "P3L5YQ_HFT_2021221.Logic\P3L5YQ_HFT_2021221.Logic.csproj", "{1850B438-3C47-489B-A3CE-BEE91CF560EA}"
EndProject
Project("{9A19103F-16F7-4668-BE54-9A1E7A4F7556}") = "P3L5YQ_HFT_2021221.Repository", "P3L5YQ_HFT_2021221.Repository\P3L5YQ_HFT_2021221.Repository.csproj", "{47E51335-6781-4360-8DEE-D49CF45C9E9C}"
EndProject
Project("{9A19103F-16F7-4668-BE54-9A1E7A4F7556}") = "P3L5YQ_HFT_2021221.Endpoint", "P3L5YQ_HFT_2021221.Endpoint\P3L5YQ_HFT_2021221.Endpoint.csproj", "{8F0E2CC6-742C-41D3-A47F-5CCA62C2EA99}"
EndProject
Project("{9A19103F-16F7-4668-BE54-9A1E7A4F7556}") = "P3L5YQ_HFT_2021221.Test", "P3L5YQ_HFT_2021221.Test\P3L5YQ_HFT_2021221.Test.csproj", "{3CECD417-42D8-4200-99E0-82D544A7B63D}"
EndProject
Project("{2150E333-8FDC-42A3-9474-1A3956D46DE8}") = "Backend", "Backend", "{F904F802-36B4-4107-AEA6-B2F01612A7CB}"
EndProject
Project("{2150E333-8FDC-42A3-9474-1A3956D46DE8}") = "Frontend", "Frontend", "{C5F2F9FC-9E46-404A-B333-F4E9FA4E233E}"
EndProject
Project("{2150E333-8FDC-42A3-9474-1A3956D46DE8}") = "Shared", "Shared", "{4311AB9B-9731-44B4-AD87-1029096B3760}"
EndProject
Project("{9A19103F-16F7-4668-BE54-9A1E7A4F7556}") = "P3L5YQ_HFT_2021221.Client", "P3L5YQ_HFT_2021221.Client\P3L5YQ_HFT_2021221.Client.csproj", "{BEDCC20F-2762-4E4D-8D39-FE25B130FBBE}"
EndProject
Project("{9A19103F-16F7-4668-BE54-9A1E7A4F7556}") = "P3L5YQ_HFT_2021221.WpfClient", "P3L5YQ_HFT_2021221.WpfClient\P3L5YQ_HFT_2021221.WpfClient.csproj", "{E1906EA4-1DA3-4FB8-9015-275FB9E01815}"
EndProject
Project("{FAE04EC0-301F-11D3-BF4B-00C04F79EFBC}") = "P3L5YQ_HFT_2021221.JSClient", "P3L5YQ_HFT_2021221.JSClient\P3L5YQ_HFT_2021221.JSClient.csproj", "{81024B3C-D94B-478C-85C0-7798DF643977}"
EndProject
Global
	GlobalSection(SolutionConfigurationPlatforms) = preSolution
		Debug|Any CPU = Debug|Any CPU
		Release|Any CPU = Release|Any CPU
	EndGlobalSection
	GlobalSection(ProjectConfigurationPlatforms) = postSolution
		{1652370C-311B-4FC4-990F-1E4E97C38741}.Debug|Any CPU.ActiveCfg = Debug|Any CPU
		{1652370C-311B-4FC4-990F-1E4E97C38741}.Debug|Any CPU.Build.0 = Debug|Any CPU
		{1652370C-311B-4FC4-990F-1E4E97C38741}.Release|Any CPU.ActiveCfg = Release|Any CPU
		{1652370C-311B-4FC4-990F-1E4E97C38741}.Release|Any CPU.Build.0 = Release|Any CPU
		{E0E13328-D9B6-4565-B6F4-28E4DF477261}.Debug|Any CPU.ActiveCfg = Debug|Any CPU
		{E0E13328-D9B6-4565-B6F4-28E4DF477261}.Debug|Any CPU.Build.0 = Debug|Any CPU
		{E0E13328-D9B6-4565-B6F4-28E4DF477261}.Release|Any CPU.ActiveCfg = Release|Any CPU
		{E0E13328-D9B6-4565-B6F4-28E4DF477261}.Release|Any CPU.Build.0 = Release|Any CPU
		{1850B438-3C47-489B-A3CE-BEE91CF560EA}.Debug|Any CPU.ActiveCfg = Debug|Any CPU
		{1850B438-3C47-489B-A3CE-BEE91CF560EA}.Debug|Any CPU.Build.0 = Debug|Any CPU
		{1850B438-3C47-489B-A3CE-BEE91CF560EA}.Release|Any CPU.ActiveCfg = Release|Any CPU
		{1850B438-3C47-489B-A3CE-BEE91CF560EA}.Release|Any CPU.Build.0 = Release|Any CPU
		{47E51335-6781-4360-8DEE-D49CF45C9E9C}.Debug|Any CPU.ActiveCfg = Debug|Any CPU
		{47E51335-6781-4360-8DEE-D49CF45C9E9C}.Debug|Any CPU.Build.0 = Debug|Any CPU
		{47E51335-6781-4360-8DEE-D49CF45C9E9C}.Release|Any CPU.ActiveCfg = Release|Any CPU
		{47E51335-6781-4360-8DEE-D49CF45C9E9C}.Release|Any CPU.Build.0 = Release|Any CPU
		{8F0E2CC6-742C-41D3-A47F-5CCA62C2EA99}.Debug|Any CPU.ActiveCfg = Debug|Any CPU
		{8F0E2CC6-742C-41D3-A47F-5CCA62C2EA99}.Debug|Any CPU.Build.0 = Debug|Any CPU
		{8F0E2CC6-742C-41D3-A47F-5CCA62C2EA99}.Release|Any CPU.ActiveCfg = Release|Any CPU
		{8F0E2CC6-742C-41D3-A47F-5CCA62C2EA99}.Release|Any CPU.Build.0 = Release|Any CPU
		{3CECD417-42D8-4200-99E0-82D544A7B63D}.Debug|Any CPU.ActiveCfg = Debug|Any CPU
		{3CECD417-42D8-4200-99E0-82D544A7B63D}.Debug|Any CPU.Build.0 = Debug|Any CPU
		{3CECD417-42D8-4200-99E0-82D544A7B63D}.Release|Any CPU.ActiveCfg = Release|Any CPU
		{3CECD417-42D8-4200-99E0-82D544A7B63D}.Release|Any CPU.Build.0 = Release|Any CPU
		{BEDCC20F-2762-4E4D-8D39-FE25B130FBBE}.Debug|Any CPU.ActiveCfg = Debug|Any CPU
		{BEDCC20F-2762-4E4D-8D39-FE25B130FBBE}.Debug|Any CPU.Build.0 = Debug|Any CPU
		{BEDCC20F-2762-4E4D-8D39-FE25B130FBBE}.Release|Any CPU.ActiveCfg = Release|Any CPU
		{BEDCC20F-2762-4E4D-8D39-FE25B130FBBE}.Release|Any CPU.Build.0 = Release|Any CPU
		{E1906EA4-1DA3-4FB8-9015-275FB9E01815}.Debug|Any CPU.ActiveCfg = Debug|Any CPU
		{E1906EA4-1DA3-4FB8-9015-275FB9E01815}.Debug|Any CPU.Build.0 = Debug|Any CPU
		{E1906EA4-1DA3-4FB8-9015-275FB9E01815}.Release|Any CPU.ActiveCfg = Release|Any CPU
		{E1906EA4-1DA3-4FB8-9015-275FB9E01815}.Release|Any CPU.Build.0 = Release|Any CPU
		{81024B3C-D94B-478C-85C0-7798DF643977}.Debug|Any CPU.ActiveCfg = Debug|Any CPU
		{81024B3C-D94B-478C-85C0-7798DF643977}.Debug|Any CPU.Build.0 = Debug|Any CPU
		{81024B3C-D94B-478C-85C0-7798DF643977}.Release|Any CPU.ActiveCfg = Release|Any CPU
		{81024B3C-D94B-478C-85C0-7798DF643977}.Release|Any CPU.Build.0 = Release|Any CPU
	EndGlobalSection
	GlobalSection(SolutionProperties) = preSolution
		HideSolutionNode = FALSE
	EndGlobalSection
	GlobalSection(NestedProjects) = preSolution
		{1652370C-311B-4FC4-990F-1E4E97C38741} = {4311AB9B-9731-44B4-AD87-1029096B3760}
		{E0E13328-D9B6-4565-B6F4-28E4DF477261} = {F904F802-36B4-4107-AEA6-B2F01612A7CB}
		{1850B438-3C47-489B-A3CE-BEE91CF560EA} = {F904F802-36B4-4107-AEA6-B2F01612A7CB}
		{47E51335-6781-4360-8DEE-D49CF45C9E9C} = {F904F802-36B4-4107-AEA6-B2F01612A7CB}
		{8F0E2CC6-742C-41D3-A47F-5CCA62C2EA99} = {F904F802-36B4-4107-AEA6-B2F01612A7CB}
		{3CECD417-42D8-4200-99E0-82D544A7B63D} = {F904F802-36B4-4107-AEA6-B2F01612A7CB}
		{BEDCC20F-2762-4E4D-8D39-FE25B130FBBE} = {C5F2F9FC-9E46-404A-B333-F4E9FA4E233E}
		{E1906EA4-1DA3-4FB8-9015-275FB9E01815} = {C5F2F9FC-9E46-404A-B333-F4E9FA4E233E}
		{81024B3C-D94B-478C-85C0-7798DF643977} = {C5F2F9FC-9E46-404A-B333-F4E9FA4E233E}
	EndGlobalSection
	GlobalSection(ExtensibilityGlobals) = postSolution
		SolutionGuid = {6E41D18D-DC4A-4A00-BAE9-33CCC1EA9977}
	EndGlobalSection
EndGlobal
